version: 2.0
shards:
  baked_file_system:
    git: https://github.com/ralsina/baked_file_system.git
    version: 0.10.0+git.commit.beb373124c7a235cfb9cd94e36849d8168eaa04b

  base58:
    git: https://github.com/crystal-china/base58.cr.git
    version: 0.1.0+git.commit.0e2c44d16a8098b00d8bf0b74add8bb9ea2f1c5f

  crustache:
    git: https://github.com/makenowjust/crustache.git
    version: 2.4.4

  crystar:
    git: https://github.com/naqvis/crystar.git
    version: 0.4.0

  docopt:
    git: https://github.com/chenkovsky/docopt.cr.git
    version: 0.2.1+git.commit.59d798cda314ec0fe53d257d17c4e8f69ca0961d


  markd:
    git: https://github.com/icyleaf/markd.git
    version: 0.5.0+git.commit.588b172e9194efa591901f910afa9f3718130384

  pcf-parser:
    git: https://github.com/l3kn/pcf-parser.git
    version: 0.1.1

  sixteen:
    git: https://github.com/ralsina/sixteen.git
    version: 0.5.2+git.commit.430a9f46a4c61c83a2080acdee5b8dcc9b8a37f7

  stumpy_core:
    git: https://github.com/stumpycr/stumpy_core.git
    version: 1.9.1

  stumpy_png:
    git: https://github.com/stumpycr/stumpy_png.git
    version: 5.0.1

  stumpy_utils:
    git: https://github.com/stumpycr/stumpy_utils.git
    version: 0.5.1

  tartrazine:
    git: https://github.com/ralsina/tartrazine.git
    version: 0.13.0+git.commit.c8de4c219488d98b759652ddc8d0f06b4e88df75

  vips:
    git: https://github.com/naqvis/crystal-vips.git
    version: 0.1.6

